
Microsoft Visual Studio Solution File, Format Version 12.00
# Visual Studio 14
VisualStudioVersion = 14.0.23107.0
MinimumVisualStudioVersion = 10.0.40219.1
Project("{2150E333-8FDC-42A3-9474-1A3956D46DE8}") = "01-Framework", "01-Framework", "{6A22DE0E-9207-4A51-A536-0530FD0B682A}"
EndProject
Project("{FAE04EC0-301F-11D3-BF4B-00C04F79EFBC}") = "Util.DI.Autofac", "Util.Framework\Util.DI.Autofac\Util.DI.Autofac.csproj", "{7DBE459D-5563-4DB7-AD8E-E658B867D894}"
EndProject
Project("{FAE04EC0-301F-11D3-BF4B-00C04F79EFBC}") = "01-Util.Datas", "Util.Framework\Util.Datas\01-Util.Datas.csproj", "{1A0C14BE-C430-46C4-916F-54B726774D00}"
EndProject
Project("{FAE04EC0-301F-11D3-BF4B-00C04F79EFBC}") = "Util.Domains", "Util.Framework\Util.Domains\Util.Domains.csproj", "{CDC1AD6E-C610-4BC4-AC3F-A4D405B48D94}"
EndProject
Project("{FAE04EC0-301F-11D3-BF4B-00C04F79EFBC}") = "Util.Security", "Util.Framework\Util.Security\Util.Security.csproj", "{64A4E83C-B621-4A9C-8CE0-273ADDFB2A5C}"
EndProject
Project("{FAE04EC0-301F-11D3-BF4B-00C04F79EFBC}") = "Util.Logs.Log4", "Util.Framework\Util.Logs.Log4\Util.Logs.Log4.csproj", "{B3511358-3AB3-46C3-B747-787A1383A4E8}"
EndProject
Project("{FAE04EC0-301F-11D3-BF4B-00C04F79EFBC}") = "Util.Security.Webs", "Util.Framework\Util.Security.Webs\Util.Security.Webs.csproj", "{4318228D-D851-4D4C-8833-40036AD52EC0}"
EndProject
Project("{FAE04EC0-301F-11D3-BF4B-00C04F79EFBC}") = "Util.Webs", "Util.Framework\Util.Webs\Util.Webs.csproj", "{E900666E-35D9-4BCE-9335-16E34458FD92}"
EndProject
Project("{FAE04EC0-301F-11D3-BF4B-00C04F79EFBC}") = "Util.Webs.EasyUi", "Util.Framework\Util.Webs.EasyUi\Util.Webs.EasyUi.csproj", "{EE2841EF-79D9-43B6-AA04-1E2EDC44B406}"
EndProject
Project("{FAE04EC0-301F-11D3-BF4B-00C04F79EFBC}") = "Util.Webs.Mvc", "Util.Framework\Util.Webs.Mvc\Util.Webs.Mvc.csproj", "{DCC52CFA-4C7F-4BD6-9DF3-3CDF218E11CB}"
EndProject
Project("{FAE04EC0-301F-11D3-BF4B-00C04F79EFBC}") = "Util.Json", "Util.Framework\Util.Json\Util.Json.csproj", "{EEEA67F9-9089-481D-A4DC-0966DEC9FD7D}"
EndProject
Project("{FAE04EC0-301F-11D3-BF4B-00C04F79EFBC}") = "Util.Uploaders.WebUploader", "Util.Framework\Util.Uploaders.WebUploader\Util.Uploaders.WebUploader.csproj", "{4B2208D0-7974-474D-98CC-A1F294B7883A}"
EndProject
Project("{2150E333-8FDC-42A3-9474-1A3956D46DE8}") = "05-Infrastructure", "05-Infrastructure", "{FE49745E-65DA-4D0F-887D-5D2777DE7355}"
EndProject
Project("{2150E333-8FDC-42A3-9474-1A3956D46DE8}") = "04-Domains", "04-Domains", "{2ED12278-E60D-4F31-A923-819BB26ED474}"
EndProject
Project("{2150E333-8FDC-42A3-9474-1A3956D46DE8}") = "03-Services", "03-Services", "{E4EB1324-81BF-42D4-9FCC-3948310D6489}"
EndProject
Project("{2150E333-8FDC-42A3-9474-1A3956D46DE8}") = "02-Presentation", "02-Presentation", "{92A3F102-F44B-4E73-AE63-10E89CB281DA}"
EndProject
Project("{FAE04EC0-301F-11D3-BF4B-00C04F79EFBC}") = "05-Util.Datas.MySql", "Util.Framework\Util.Datas.MySql\05-Util.Datas.MySql.csproj", "{1FB8B38D-78BD-40E2-9A28-D390D887FF06}"
EndProject
Project("{FAE04EC0-301F-11D3-BF4B-00C04F79EFBC}") = "02-Util.Datas.Sql", "Util.Framework\Util.Datas.Sql\02-Util.Datas.Sql.csproj", "{F43F7230-2CF2-4F5D-A668-A116771A6E2C}"
EndProject
Project("{FAE04EC0-301F-11D3-BF4B-00C04F79EFBC}") = "04-Util.Datas.SqlServer", "Util.Framework\Util.Datas.SqlServer\04-Util.Datas.SqlServer.csproj", "{EF0514A0-339C-4846-A3D6-5F41F3C2DC31}"
EndProject
Project("{FAE04EC0-301F-11D3-BF4B-00C04F79EFBC}") = "Util.ApplicationServices", "Util.Framework\Util.ApplicationServices\Util.ApplicationServices.csproj", "{74C54B8A-CF80-4A00-806A-908F948D10E9}"
EndProject
Project("{FAE04EC0-301F-11D3-BF4B-00C04F79EFBC}") = "Util.Offices.Npoi", "Util.Framework\Util.Offices.Npoi\Util.Offices.Npoi.csproj", "{1056347B-4279-4B25-BC28-6A4EA847F868}"
EndProject
Project("{FAE04EC0-301F-11D3-BF4B-00C04F79EFBC}") = "Util.Compress", "Util.Framework\Util.Compress\Util.Compress.csproj", "{13C8DCF5-39F9-4D85-87B9-12B7968DF94E}"
EndProject
Project("{FAE04EC0-301F-11D3-BF4B-00C04F79EFBC}") = "Applications.Domains", "Domains\Applications.Domains\Applications.Domains.csproj", "{5AA5663D-2E75-4172-A5E7-A9EA306D8E68}"
EndProject
Project("{FAE04EC0-301F-11D3-BF4B-00C04F79EFBC}") = "01-Applications.Infrastructure", "Infrastructure\01-Applications.Infrastructure\01-Applications.Infrastructure.csproj", "{C477F31B-0437-469E-BFEC-63FBF9B7C3A8}"
EndProject
Project("{FAE04EC0-301F-11D3-BF4B-00C04F79EFBC}") = "02-Applications.Datas.Ef", "Infrastructure\02-Applications.Datas.Ef\02-Applications.Datas.Ef.csproj", "{6EDDD681-6266-4976-9E5C-C0B1828F3779}"
EndProject
Project("{FAE04EC0-301F-11D3-BF4B-00C04F79EFBC}") = "01-Applications.Presentation", "Presentation\01-Applications.Presentation\01-Applications.Presentation.csproj", "{1E5861DC-5ED6-4F41-B5CA-309612D4C74A}"
EndProject
Project("{FAE04EC0-301F-11D3-BF4B-00C04F79EFBC}") = "Applications.Services", "Services\Applications.Services\Applications.Services.csproj", "{60E033E2-6086-46CD-83A1-20D261D5DD3C}"
EndProject
Project("{FAE04EC0-301F-11D3-BF4B-00C04F79EFBC}") = "02-Applications.Presentation.Extensions", "Presentation\02-Applications.Presentation.Extensions\02-Applications.Presentation.Extensions.csproj", "{4F41A1C6-440D-4957-928D-8CB21E382342}"
EndProject
Project("{FAE04EC0-301F-11D3-BF4B-00C04F79EFBC}") = "Util.Core", "Util.Framework\Util.Core\Util.Core.csproj", "{3598B7C6-FB59-4348-9C95-66FB48FFF380}"
EndProject
Project("{FAE04EC0-301F-11D3-BF4B-00C04F79EFBC}") = "03-Util.Datas.Ef", "Util.Framework\Util.Datas.Ef\03-Util.Datas.Ef.csproj", "{1E9C5E64-1D98-4214-B107-96054BBC1C69}"
EndProject
Global
	GlobalSection(SolutionConfigurationPlatforms) = preSolution
		Debug|Any CPU = Debug|Any CPU
		Release|Any CPU = Release|Any CPU
	EndGlobalSection
	GlobalSection(ProjectConfigurationPlatforms) = postSolution
		{7DBE459D-5563-4DB7-AD8E-E658B867D894}.Debug|Any CPU.ActiveCfg = Debug|Any CPU
		{7DBE459D-5563-4DB7-AD8E-E658B867D894}.Debug|Any CPU.Build.0 = Debug|Any CPU
		{7DBE459D-5563-4DB7-AD8E-E658B867D894}.Release|Any CPU.ActiveCfg = Release|Any CPU
		{7DBE459D-5563-4DB7-AD8E-E658B867D894}.Release|Any CPU.Build.0 = Release|Any CPU
		{1A0C14BE-C430-46C4-916F-54B726774D00}.Debug|Any CPU.ActiveCfg = Debug|Any CPU
		{1A0C14BE-C430-46C4-916F-54B726774D00}.Debug|Any CPU.Build.0 = Debug|Any CPU
		{1A0C14BE-C430-46C4-916F-54B726774D00}.Release|Any CPU.ActiveCfg = Release|Any CPU
		{1A0C14BE-C430-46C4-916F-54B726774D00}.Release|Any CPU.Build.0 = Release|Any CPU
		{CDC1AD6E-C610-4BC4-AC3F-A4D405B48D94}.Debug|Any CPU.ActiveCfg = Debug|Any CPU
		{CDC1AD6E-C610-4BC4-AC3F-A4D405B48D94}.Debug|Any CPU.Build.0 = Debug|Any CPU
		{CDC1AD6E-C610-4BC4-AC3F-A4D405B48D94}.Release|Any CPU.ActiveCfg = Release|Any CPU
		{CDC1AD6E-C610-4BC4-AC3F-A4D405B48D94}.Release|Any CPU.Build.0 = Release|Any CPU
		{64A4E83C-B621-4A9C-8CE0-273ADDFB2A5C}.Debug|Any CPU.ActiveCfg = Debug|Any CPU
		{64A4E83C-B621-4A9C-8CE0-273ADDFB2A5C}.Debug|Any CPU.Build.0 = Debug|Any CPU
		{64A4E83C-B621-4A9C-8CE0-273ADDFB2A5C}.Release|Any CPU.ActiveCfg = Release|Any CPU
		{64A4E83C-B621-4A9C-8CE0-273ADDFB2A5C}.Release|Any CPU.Build.0 = Release|Any CPU
		{B3511358-3AB3-46C3-B747-787A1383A4E8}.Debug|Any CPU.ActiveCfg = Debug|Any CPU
		{B3511358-3AB3-46C3-B747-787A1383A4E8}.Debug|Any CPU.Build.0 = Debug|Any CPU
		{B3511358-3AB3-46C3-B747-787A1383A4E8}.Release|Any CPU.ActiveCfg = Release|Any CPU
		{B3511358-3AB3-46C3-B747-787A1383A4E8}.Release|Any CPU.Build.0 = Release|Any CPU
		{4318228D-D851-4D4C-8833-40036AD52EC0}.Debug|Any CPU.ActiveCfg = Debug|Any CPU
		{4318228D-D851-4D4C-8833-40036AD52EC0}.Debug|Any CPU.Build.0 = Debug|Any CPU
		{4318228D-D851-4D4C-8833-40036AD52EC0}.Release|Any CPU.ActiveCfg = Release|Any CPU
		{4318228D-D851-4D4C-8833-40036AD52EC0}.Release|Any CPU.Build.0 = Release|Any CPU
		{E900666E-35D9-4BCE-9335-16E34458FD92}.Debug|Any CPU.ActiveCfg = Debug|Any CPU
		{E900666E-35D9-4BCE-9335-16E34458FD92}.Debug|Any CPU.Build.0 = Debug|Any CPU
		{E900666E-35D9-4BCE-9335-16E34458FD92}.Release|Any CPU.ActiveCfg = Release|Any CPU
		{E900666E-35D9-4BCE-9335-16E34458FD92}.Release|Any CPU.Build.0 = Release|Any CPU
		{EE2841EF-79D9-43B6-AA04-1E2EDC44B406}.Debug|Any CPU.ActiveCfg = Debug|Any CPU
		{EE2841EF-79D9-43B6-AA04-1E2EDC44B406}.Debug|Any CPU.Build.0 = Debug|Any CPU
		{EE2841EF-79D9-43B6-AA04-1E2EDC44B406}.Release|Any CPU.ActiveCfg = Release|Any CPU
		{EE2841EF-79D9-43B6-AA04-1E2EDC44B406}.Release|Any CPU.Build.0 = Release|Any CPU
		{DCC52CFA-4C7F-4BD6-9DF3-3CDF218E11CB}.Debug|Any CPU.ActiveCfg = Debug|Any CPU
		{DCC52CFA-4C7F-4BD6-9DF3-3CDF218E11CB}.Debug|Any CPU.Build.0 = Debug|Any CPU
		{DCC52CFA-4C7F-4BD6-9DF3-3CDF218E11CB}.Release|Any CPU.ActiveCfg = Release|Any CPU
		{DCC52CFA-4C7F-4BD6-9DF3-3CDF218E11CB}.Release|Any CPU.Build.0 = Release|Any CPU
		{EEEA67F9-9089-481D-A4DC-0966DEC9FD7D}.Debug|Any CPU.ActiveCfg = Debug|Any CPU
		{EEEA67F9-9089-481D-A4DC-0966DEC9FD7D}.Debug|Any CPU.Build.0 = Debug|Any CPU
		{EEEA67F9-9089-481D-A4DC-0966DEC9FD7D}.Release|Any CPU.ActiveCfg = Release|Any CPU
		{EEEA67F9-9089-481D-A4DC-0966DEC9FD7D}.Release|Any CPU.Build.0 = Release|Any CPU
		{4B2208D0-7974-474D-98CC-A1F294B7883A}.Debug|Any CPU.ActiveCfg = Debug|Any CPU
		{4B2208D0-7974-474D-98CC-A1F294B7883A}.Debug|Any CPU.Build.0 = Debug|Any CPU
		{4B2208D0-7974-474D-98CC-A1F294B7883A}.Release|Any CPU.ActiveCfg = Release|Any CPU
		{4B2208D0-7974-474D-98CC-A1F294B7883A}.Release|Any CPU.Build.0 = Release|Any CPU
		{1FB8B38D-78BD-40E2-9A28-D390D887FF06}.Debug|Any CPU.ActiveCfg = Debug|Any CPU
		{1FB8B38D-78BD-40E2-9A28-D390D887FF06}.Debug|Any CPU.Build.0 = Debug|Any CPU
		{1FB8B38D-78BD-40E2-9A28-D390D887FF06}.Release|Any CPU.ActiveCfg = Release|Any CPU
		{1FB8B38D-78BD-40E2-9A28-D390D887FF06}.Release|Any CPU.Build.0 = Release|Any CPU
		{F43F7230-2CF2-4F5D-A668-A116771A6E2C}.Debug|Any CPU.ActiveCfg = Debug|Any CPU
		{F43F7230-2CF2-4F5D-A668-A116771A6E2C}.Debug|Any CPU.Build.0 = Debug|Any CPU
		{F43F7230-2CF2-4F5D-A668-A116771A6E2C}.Release|Any CPU.ActiveCfg = Release|Any CPU
		{F43F7230-2CF2-4F5D-A668-A116771A6E2C}.Release|Any CPU.Build.0 = Release|Any CPU
		{EF0514A0-339C-4846-A3D6-5F41F3C2DC31}.Debug|Any CPU.ActiveCfg = Debug|Any CPU
		{EF0514A0-339C-4846-A3D6-5F41F3C2DC31}.Debug|Any CPU.Build.0 = Debug|Any CPU
		{EF0514A0-339C-4846-A3D6-5F41F3C2DC31}.Release|Any CPU.ActiveCfg = Release|Any CPU
		{EF0514A0-339C-4846-A3D6-5F41F3C2DC31}.Release|Any CPU.Build.0 = Release|Any CPU
		{74C54B8A-CF80-4A00-806A-908F948D10E9}.Debug|Any CPU.ActiveCfg = Debug|Any CPU
		{74C54B8A-CF80-4A00-806A-908F948D10E9}.Debug|Any CPU.Build.0 = Debug|Any CPU
		{74C54B8A-CF80-4A00-806A-908F948D10E9}.Release|Any CPU.ActiveCfg = Release|Any CPU
		{74C54B8A-CF80-4A00-806A-908F948D10E9}.Release|Any CPU.Build.0 = Release|Any CPU
		{1056347B-4279-4B25-BC28-6A4EA847F868}.Debug|Any CPU.ActiveCfg = Debug|Any CPU
		{1056347B-4279-4B25-BC28-6A4EA847F868}.Debug|Any CPU.Build.0 = Debug|Any CPU
		{1056347B-4279-4B25-BC28-6A4EA847F868}.Release|Any CPU.ActiveCfg = Release|Any CPU
		{1056347B-4279-4B25-BC28-6A4EA847F868}.Release|Any CPU.Build.0 = Release|Any CPU
		{13C8DCF5-39F9-4D85-87B9-12B7968DF94E}.Debug|Any CPU.ActiveCfg = Debug|Any CPU
		{13C8DCF5-39F9-4D85-87B9-12B7968DF94E}.Debug|Any CPU.Build.0 = Debug|Any CPU
		{13C8DCF5-39F9-4D85-87B9-12B7968DF94E}.Release|Any CPU.ActiveCfg = Release|Any CPU
		{13C8DCF5-39F9-4D85-87B9-12B7968DF94E}.Release|Any CPU.Build.0 = Release|Any CPU
		{5AA5663D-2E75-4172-A5E7-A9EA306D8E68}.Debug|Any CPU.ActiveCfg = Debug|Any CPU
		{5AA5663D-2E75-4172-A5E7-A9EA306D8E68}.Debug|Any CPU.Build.0 = Debug|Any CPU
		{5AA5663D-2E75-4172-A5E7-A9EA306D8E68}.Release|Any CPU.ActiveCfg = Release|Any CPU
		{5AA5663D-2E75-4172-A5E7-A9EA306D8E68}.Release|Any CPU.Build.0 = Release|Any CPU
		{C477F31B-0437-469E-BFEC-63FBF9B7C3A8}.Debug|Any CPU.ActiveCfg = Debug|Any CPU
		{C477F31B-0437-469E-BFEC-63FBF9B7C3A8}.Debug|Any CPU.Build.0 = Debug|Any CPU
		{C477F31B-0437-469E-BFEC-63FBF9B7C3A8}.Release|Any CPU.ActiveCfg = Release|Any CPU
		{C477F31B-0437-469E-BFEC-63FBF9B7C3A8}.Release|Any CPU.Build.0 = Release|Any CPU
		{6EDDD681-6266-4976-9E5C-C0B1828F3779}.Debug|Any CPU.ActiveCfg = Debug|Any CPU
		{6EDDD681-6266-4976-9E5C-C0B1828F3779}.Debug|Any CPU.Build.0 = Debug|Any CPU
		{6EDDD681-6266-4976-9E5C-C0B1828F3779}.Release|Any CPU.ActiveCfg = Release|Any CPU
		{6EDDD681-6266-4976-9E5C-C0B1828F3779}.Release|Any CPU.Build.0 = Release|Any CPU
		{1E5861DC-5ED6-4F41-B5CA-309612D4C74A}.Debug|Any CPU.ActiveCfg = Debug|Any CPU
		{1E5861DC-5ED6-4F41-B5CA-309612D4C74A}.Debug|Any CPU.Build.0 = Debug|Any CPU
		{1E5861DC-5ED6-4F41-B5CA-309612D4C74A}.Release|Any CPU.ActiveCfg = Release|Any CPU
		{1E5861DC-5ED6-4F41-B5CA-309612D4C74A}.Release|Any CPU.Build.0 = Release|Any CPU
		{60E033E2-6086-46CD-83A1-20D261D5DD3C}.Debug|Any CPU.ActiveCfg = Debug|Any CPU
		{60E033E2-6086-46CD-83A1-20D261D5DD3C}.Debug|Any CPU.Build.0 = Debug|Any CPU
		{60E033E2-6086-46CD-83A1-20D261D5DD3C}.Release|Any CPU.ActiveCfg = Release|Any CPU
		{60E033E2-6086-46CD-83A1-20D261D5DD3C}.Release|Any CPU.Build.0 = Release|Any CPU
		{4F41A1C6-440D-4957-928D-8CB21E382342}.Debug|Any CPU.ActiveCfg = Debug|Any CPU
		{4F41A1C6-440D-4957-928D-8CB21E382342}.Debug|Any CPU.Build.0 = Debug|Any CPU
		{4F41A1C6-440D-4957-928D-8CB21E382342}.Release|Any CPU.ActiveCfg = Release|Any CPU
		{4F41A1C6-440D-4957-928D-8CB21E382342}.Release|Any CPU.Build.0 = Release|Any CPU
		{3598B7C6-FB59-4348-9C95-66FB48FFF380}.Debug|Any CPU.ActiveCfg = Debug|Any CPU
		{3598B7C6-FB59-4348-9C95-66FB48FFF380}.Debug|Any CPU.Build.0 = Debug|Any CPU
		{3598B7C6-FB59-4348-9C95-66FB48FFF380}.Release|Any CPU.ActiveCfg = Release|Any CPU
		{3598B7C6-FB59-4348-9C95-66FB48FFF380}.Release|Any CPU.Build.0 = Release|Any CPU
		{1E9C5E64-1D98-4214-B107-96054BBC1C69}.Debug|Any CPU.ActiveCfg = Debug|Any CPU
		{1E9C5E64-1D98-4214-B107-96054BBC1C69}.Debug|Any CPU.Build.0 = Debug|Any CPU
		{1E9C5E64-1D98-4214-B107-96054BBC1C69}.Release|Any CPU.ActiveCfg = Release|Any CPU
		{1E9C5E64-1D98-4214-B107-96054BBC1C69}.Release|Any CPU.Build.0 = Release|Any CPU
	EndGlobalSection
	GlobalSection(SolutionProperties) = preSolution
		HideSolutionNode = FALSE
	EndGlobalSection
	GlobalSection(NestedProjects) = preSolution
		{7DBE459D-5563-4DB7-AD8E-E658B867D894} = {6A22DE0E-9207-4A51-A536-0530FD0B682A}
		{1A0C14BE-C430-46C4-916F-54B726774D00} = {6A22DE0E-9207-4A51-A536-0530FD0B682A}
		{CDC1AD6E-C610-4BC4-AC3F-A4D405B48D94} = {6A22DE0E-9207-4A51-A536-0530FD0B682A}
		{64A4E83C-B621-4A9C-8CE0-273ADDFB2A5C} = {6A22DE0E-9207-4A51-A536-0530FD0B682A}
		{B3511358-3AB3-46C3-B747-787A1383A4E8} = {6A22DE0E-9207-4A51-A536-0530FD0B682A}
		{4318228D-D851-4D4C-8833-40036AD52EC0} = {6A22DE0E-9207-4A51-A536-0530FD0B682A}
		{E900666E-35D9-4BCE-9335-16E34458FD92} = {6A22DE0E-9207-4A51-A536-0530FD0B682A}
		{EE2841EF-79D9-43B6-AA04-1E2EDC44B406} = {6A22DE0E-9207-4A51-A536-0530FD0B682A}
		{DCC52CFA-4C7F-4BD6-9DF3-3CDF218E11CB} = {6A22DE0E-9207-4A51-A536-0530FD0B682A}
		{EEEA67F9-9089-481D-A4DC-0966DEC9FD7D} = {6A22DE0E-9207-4A51-A536-0530FD0B682A}
		{4B2208D0-7974-474D-98CC-A1F294B7883A} = {6A22DE0E-9207-4A51-A536-0530FD0B682A}
		{1FB8B38D-78BD-40E2-9A28-D390D887FF06} = {6A22DE0E-9207-4A51-A536-0530FD0B682A}
		{F43F7230-2CF2-4F5D-A668-A116771A6E2C} = {6A22DE0E-9207-4A51-A536-0530FD0B682A}
		{EF0514A0-339C-4846-A3D6-5F41F3C2DC31} = {6A22DE0E-9207-4A51-A536-0530FD0B682A}
		{74C54B8A-CF80-4A00-806A-908F948D10E9} = {6A22DE0E-9207-4A51-A536-0530FD0B682A}
		{1056347B-4279-4B25-BC28-6A4EA847F868} = {6A22DE0E-9207-4A51-A536-0530FD0B682A}
		{13C8DCF5-39F9-4D85-87B9-12B7968DF94E} = {6A22DE0E-9207-4A51-A536-0530FD0B682A}
		{5AA5663D-2E75-4172-A5E7-A9EA306D8E68} = {2ED12278-E60D-4F31-A923-819BB26ED474}
		{C477F31B-0437-469E-BFEC-63FBF9B7C3A8} = {FE49745E-65DA-4D0F-887D-5D2777DE7355}
		{6EDDD681-6266-4976-9E5C-C0B1828F3779} = {FE49745E-65DA-4D0F-887D-5D2777DE7355}
		{1E5861DC-5ED6-4F41-B5CA-309612D4C74A} = {92A3F102-F44B-4E73-AE63-10E89CB281DA}
		{60E033E2-6086-46CD-83A1-20D261D5DD3C} = {E4EB1324-81BF-42D4-9FCC-3948310D6489}
		{4F41A1C6-440D-4957-928D-8CB21E382342} = {92A3F102-F44B-4E73-AE63-10E89CB281DA}
		{3598B7C6-FB59-4348-9C95-66FB48FFF380} = {6A22DE0E-9207-4A51-A536-0530FD0B682A}
		{1E9C5E64-1D98-4214-B107-96054BBC1C69} = {6A22DE0E-9207-4A51-A536-0530FD0B682A}
	EndGlobalSection
EndGlobal
